
Microsoft Visual Studio Solution File, Format Version 12.00
# Visual Studio Version 16
VisualStudioVersion = 16.0.31605.320
MinimumVisualStudioVersion = 10.0.40219.1
Project("{FAE04EC0-301F-11D3-BF4B-00C04F79EFBC}") = "WatchServer", "WatchServer.csproj", "{8DA5A5F1-7021-4606-ABE9-2B17F997EF32}"
EndProject
Global
	GlobalSection(SolutionConfigurationPlatforms) = preSolution
		Debug|Any CPU = Debug|Any CPU
		Release|Any CPU = Release|Any CPU
	EndGlobalSection
	GlobalSection(ProjectConfigurationPlatforms) = postSolution
		{8DA5A5F1-7021-4606-ABE9-2B17F997EF32}.Debug|Any CPU.ActiveCfg = Debug|Any CPU
		{8DA5A5F1-7021-4606-ABE9-2B17F997EF32}.Debug|Any CPU.Build.0 = Debug|Any CPU
		{8DA5A5F1-7021-4606-ABE9-2B17F997EF32}.Release|Any CPU.ActiveCfg = Release|Any CPU
		{8DA5A5F1-7021-4606-ABE9-2B17F997EF32}.Release|Any CPU.Build.0 = Release|Any CPU
	EndGlobalSection
	GlobalSection(SolutionProperties) = preSolution
		HideSolutionNode = FALSE
	EndGlobalSection
	GlobalSection(ExtensibilityGlobals) = postSolution
		SolutionGuid = {D5E7D310-00D3-4DBF-B4AC-AEC97A8EB1CE}
	EndGlobalSection
EndGlobal
